
Microsoft Visual Studio Solution File, Format Version 12.00
# Visual Studio 14
VisualStudioVersion = 14.0.25420.1
MinimumVisualStudioVersion = 10.0.40219.1
Project("{F2A71F9B-5D33-465A-A702-920D77279786}") = "fslang-migration", "src\fslang-migration.fsproj", "{2E46DFC4-FC50-4236-8B49-7A6987D7737A}"
EndProject
Project("{2150E333-8FDC-42A3-9474-1A3956D46DE8}") = "project", "project", "{B825D176-3FD5-44B0-A5A9-A75AC3826763}"
	ProjectSection(SolutionItems) = preProject
		.gitignore = .gitignore
		archive-data.json = archive-data.json
		paket.dependencies = paket.dependencies
		paket.lock = paket.lock
		readme.md = readme.md
		run.bat = run.bat
		run.sh = run.sh
	EndProjectSection
EndProject
Project("{2150E333-8FDC-42A3-9474-1A3956D46DE8}") = "templates", "templates", "{B04CCD72-E16D-4A40-AC46-6F58D1DCE6E2}"
	ProjectSection(SolutionItems) = preProject
		templates\_idea_archive.liquid = templates\_idea_archive.liquid
		templates\_idea_submission.liquid = templates\_idea_submission.liquid
	EndProjectSection
EndProject
Global
	GlobalSection(SolutionConfigurationPlatforms) = preSolution
		Debug|Any CPU = Debug|Any CPU
		Release|Any CPU = Release|Any CPU
	EndGlobalSection
	GlobalSection(ProjectConfigurationPlatforms) = postSolution
		{2E46DFC4-FC50-4236-8B49-7A6987D7737A}.Debug|Any CPU.ActiveCfg = Debug|Any CPU
		{2E46DFC4-FC50-4236-8B49-7A6987D7737A}.Debug|Any CPU.Build.0 = Debug|Any CPU
		{2E46DFC4-FC50-4236-8B49-7A6987D7737A}.Release|Any CPU.ActiveCfg = Release|Any CPU
		{2E46DFC4-FC50-4236-8B49-7A6987D7737A}.Release|Any CPU.Build.0 = Release|Any CPU
	EndGlobalSection
	GlobalSection(SolutionProperties) = preSolution
		HideSolutionNode = FALSE
	EndGlobalSection
EndGlobal
